# Generated by buf. DO NOT EDIT.
version: v1
deps:
  - remote: buf.build
    owner: cosmos
    repository: cosmos-proto
    commit: 1935555c206d4afb9e94615dfd0fad31
    digest: shake256:c74d91a3ac7ae07d579e90eee33abf9b29664047ac8816500cf22c081fec0d72d62c89ce0bebafc1f6fec7aa5315be72606717740ca95007248425102c365377
  - remote: buf.build
    owner: cosmos
    repository: cosmos-sdk
    commit: b446f3279dcf4c42b2dac30d5fa759dc
    digest: shake256:855b9e3f8e880ded88af1fee0363af80a1bd16b5dc89d142f89bbec12a31a66e7f194646a9afdacdc19df71fa810385ef127d3b46f939cb0c4710bc1c4d5743a
  - remote: buf.build
    owner: cosmos
    repository: gogo-proto
    commit: 5e5b9fdd01804356895f8f79a6f1ddc1
    digest: shake256:0b85da49e2e5f9ebc4806eae058e2f56096ff3b1c59d1fb7c190413dd15f45dd456f0b69ced9059341c80795d2b6c943de15b120a9e0308b499e43e4b5fc2952
  - remote: buf.build
    owner: cosmos
    repository: ibc
    commit: 2d4d5bdf83d54cafade8e48e3f6cc4b3
    digest: shake256:b1966cd943612d7694f5006e0021ed3ac2cba6881a7b1af5901042eede22b29772b7e481326240313cbf1f41d1bc42036f775a9663e3fc49e085d42ee0d03ffe
  - remote: buf.build
    owner: cosmos
    repository: ics23
    commit: 55085f7c710a45f58fa09947208eb70b
    digest: shake256:9bf0bc495b5a11c88d163d39ef521bc4b00bc1374a05758c91d82821bdc61f09e8c2c51dda8452529bf80137f34d852561eacbe9550a59015d51cecb0dacb628
  - remote: buf.build
    owner: googleapis
    repository: googleapis
    commit: 28151c0d0a1641bf938a7672c500e01d
    digest: shake256:49215edf8ef57f7863004539deff8834cfb2195113f0b890dd1f67815d9353e28e668019165b9d872395871eeafcbab3ccfdb2b5f11734d3cca95be9e8d139de
  - remote: buf.build
    owner: protocolbuffers
    repository: wellknowntypes
    commit: 657250e6a39648cbb169d079a60bd9ba
    digest: shake256:00de25001b8dd2e29d85fc4bcc3ede7aed886d76d67f5e0f7a9b320b90f871d3eb73507d50818d823a0512f3f8db77a11c043685528403e31ff3fef18323a9fb
